
Microsoft Visual Studio Solution File, Format Version 12.00
# Visual Studio Version 17
VisualStudioVersion = 17.0.32014.148
MinimumVisualStudioVersion = 10.0.40219.1
Project("{FAE04EC0-301F-11D3-BF4B-00C04F79EFBC}") = "FP_Proj", "FP_Proj\FP_Proj.csproj", "{1DC34899-BAF4-44E5-9F98-DB6D5C3B73DF}"
EndProject
Project("{2150E333-8FDC-42A3-9474-1A3956D46DE8}") = "Solution Items", "Solution Items", "{F86FC9D2-BA02-4E48-9D5A-084CFEAF0A33}"
	ProjectSection(SolutionItems) = preProject
		.editorconfig = .editorconfig
	EndProjectSection
EndProject
Global
	GlobalSection(SolutionConfigurationPlatforms) = preSolution
		Debug|Any CPU = Debug|Any CPU
		Release|Any CPU = Release|Any CPU
	EndGlobalSection
	GlobalSection(ProjectConfigurationPlatforms) = postSolution
		{1DC34899-BAF4-44E5-9F98-DB6D5C3B73DF}.Debug|Any CPU.ActiveCfg = Debug|Any CPU
		{1DC34899-BAF4-44E5-9F98-DB6D5C3B73DF}.Debug|Any CPU.Build.0 = Debug|Any CPU
		{1DC34899-BAF4-44E5-9F98-DB6D5C3B73DF}.Release|Any CPU.ActiveCfg = Release|Any CPU
		{1DC34899-BAF4-44E5-9F98-DB6D5C3B73DF}.Release|Any CPU.Build.0 = Release|Any CPU
	EndGlobalSection
	GlobalSection(SolutionProperties) = preSolution
		HideSolutionNode = FALSE
	EndGlobalSection
	GlobalSection(ExtensibilityGlobals) = postSolution
		SolutionGuid = {2BDF5473-D9CE-4DC8-8AA1-5B3DAF190D98}
	EndGlobalSection
EndGlobal
